
Microsoft Visual Studio Solution File, Format Version 12.00
# Visual Studio Version 17
VisualStudioVersion = 17.5.33530.505
MinimumVisualStudioVersion = 10.0.40219.1
Project("{9A19103F-16F7-4668-BE54-9A1E7A4F7556}") = "ProductMicroservice", "ProductMicroservice\ProductMicroservice.csproj", "{7FD35EAE-E901-48D7-8902-D31A1AA4729D}"
EndProject
Project("{E53339B2-1760-4266-BCC7-CA923CBCF16C}") = "docker-compose", "docker-compose.dcproj", "{FF698760-C298-423C-A4BC-96D2F3A73887}"
EndProject
Global
	GlobalSection(SolutionConfigurationPlatforms) = preSolution
		Debug|Any CPU = Debug|Any CPU
		Release|Any CPU = Release|Any CPU
	EndGlobalSection
	GlobalSection(ProjectConfigurationPlatforms) = postSolution
		{7FD35EAE-E901-48D7-8902-D31A1AA4729D}.Debug|Any CPU.ActiveCfg = Debug|Any CPU
		{7FD35EAE-E901-48D7-8902-D31A1AA4729D}.Debug|Any CPU.Build.0 = Debug|Any CPU
		{7FD35EAE-E901-48D7-8902-D31A1AA4729D}.Release|Any CPU.ActiveCfg = Release|Any CPU
		{7FD35EAE-E901-48D7-8902-D31A1AA4729D}.Release|Any CPU.Build.0 = Release|Any CPU
		{FF698760-C298-423C-A4BC-96D2F3A73887}.Debug|Any CPU.ActiveCfg = Debug|Any CPU
		{FF698760-C298-423C-A4BC-96D2F3A73887}.Debug|Any CPU.Build.0 = Debug|Any CPU
		{FF698760-C298-423C-A4BC-96D2F3A73887}.Release|Any CPU.ActiveCfg = Release|Any CPU
		{FF698760-C298-423C-A4BC-96D2F3A73887}.Release|Any CPU.Build.0 = Release|Any CPU
	EndGlobalSection
	GlobalSection(SolutionProperties) = preSolution
		HideSolutionNode = FALSE
	EndGlobalSection
	GlobalSection(ExtensibilityGlobals) = postSolution
		SolutionGuid = {CC354439-F188-4FC3-9C26-40057A8F49EF}
	EndGlobalSection
EndGlobal
